
Microsoft Visual Studio Solution File, Format Version 12.00
# Visual Studio Version 16
VisualStudioVersion = 16.0.31025.194
MinimumVisualStudioVersion = 10.0.40219.1
Project("{FAE04EC0-301F-11D3-BF4B-00C04F79EFBC}") = "Exercise CRUD", "Exercise CRUD\Exercise CRUD.csproj", "{71844FCE-A11A-436A-977D-52F942A4CE6F}"
EndProject
Global
	GlobalSection(SolutionConfigurationPlatforms) = preSolution
		Debug|Any CPU = Debug|Any CPU
		Release|Any CPU = Release|Any CPU
	EndGlobalSection
	GlobalSection(ProjectConfigurationPlatforms) = postSolution
		{71844FCE-A11A-436A-977D-52F942A4CE6F}.Debug|Any CPU.ActiveCfg = Debug|Any CPU
		{71844FCE-A11A-436A-977D-52F942A4CE6F}.Debug|Any CPU.Build.0 = Debug|Any CPU
		{71844FCE-A11A-436A-977D-52F942A4CE6F}.Release|Any CPU.ActiveCfg = Release|Any CPU
		{71844FCE-A11A-436A-977D-52F942A4CE6F}.Release|Any CPU.Build.0 = Release|Any CPU
	EndGlobalSection
	GlobalSection(SolutionProperties) = preSolution
		HideSolutionNode = FALSE
	EndGlobalSection
	GlobalSection(ExtensibilityGlobals) = postSolution
		SolutionGuid = {5803BD8B-BA26-4F8D-B126-19A299863BC8}
	EndGlobalSection
EndGlobal
